// !$*UTF8*$!
{
	archiveVersion = 1;
	classes = {
	};
	objectVersion = 56;
	objects = {

/* Begin PBXBuildFile section */
		570B173A2A1AC5C300BE2AC1 /* WinconnectApp.swift in Sources */ = {isa = PBXBuildFile; fileRef = 570B17392A1AC5C300BE2AC1 /* WinconnectApp.swift */; };
		570B173C2A1AC5C300BE2AC1 /* ContentView.swift in Sources */ = {isa = PBXBuildFile; fileRef = 570B173B2A1AC5C300BE2AC1 /* ContentView.swift */; };
		570B173E2A1AC5C500BE2AC1 /* Assets.xcassets in Resources */ = {isa = PBXBuildFile; fileRef = 570B173D2A1AC5C500BE2AC1 /* Assets.xcassets */; };
		570B17422A1AC5C500BE2AC1 /* Preview Assets.xcassets in Resources */ = {isa = PBXBuildFile; fileRef = 570B17412A1AC5C500BE2AC1 /* Preview Assets.xcassets */; };
		570B174C2A1AC5C500BE2AC1 /* WinconnectTests.swift in Sources */ = {isa = PBXBuildFile; fileRef = 570B174B2A1AC5C500BE2AC1 /* WinconnectTests.swift */; };
		570B17562A1AC5C500BE2AC1 /* WinconnectUITests.swift in Sources */ = {isa = PBXBuildFile; fileRef = 570B17552A1AC5C500BE2AC1 /* WinconnectUITests.swift */; };
		570B17582A1AC5C500BE2AC1 /* WinconnectUITestsLaunchTests.swift in Sources */ = {isa = PBXBuildFile; fileRef = 570B17572A1AC5C500BE2AC1 /* WinconnectUITestsLaunchTests.swift */; };
		570B17F22A1C38BB00BE2AC1 /* TCP.swift in Sources */ = {isa = PBXBuildFile; fileRef = 570B17F12A1C38BB00BE2AC1 /* TCP.swift */; };
		5724F8782A21A0BC006C77D3 /* InfoReceiver.swift in Sources */ = {isa = PBXBuildFile; fileRef = 5724F8772A21A0BC006C77D3 /* InfoReceiver.swift */; };
		5724F87B2A21A0D8006C77D3 /* NIO in Frameworks */ = {isa = PBXBuildFile; productRef = 5724F87A2A21A0D8006C77D3 /* NIO */; };
/* End PBXBuildFile section */

/* Begin PBXContainerItemProxy section */
		570B17482A1AC5C500BE2AC1 /* PBXContainerItemProxy */ = {
			isa = PBXContainerItemProxy;
			containerPortal = 570B172E2A1AC5C300BE2AC1 /* Project object */;
			proxyType = 1;
			remoteGlobalIDString = 570B17352A1AC5C300BE2AC1;
			remoteInfo = Winconnect;
		};
		570B17522A1AC5C500BE2AC1 /* PBXContainerItemProxy */ = {
			isa = PBXContainerItemProxy;
			containerPortal = 570B172E2A1AC5C300BE2AC1 /* Project object */;
			proxyType = 1;
			remoteGlobalIDString = 570B17352A1AC5C300BE2AC1;
			remoteInfo = Winconnect;
		};
/* End PBXContainerItemProxy section */

/* Begin PBXFileReference section */
		570B17362A1AC5C300BE2AC1 /* Winconnect.app */ = {isa = PBXFileReference; explicitFileType = wrapper.application; includeInIndex = 0; path = Winconnect.app; sourceTree = BUILT_PRODUCTS_DIR; };
		570B17392A1AC5C300BE2AC1 /* WinconnectApp.swift */ = {isa = PBXFileReference; lastKnownFileType = sourcecode.swift; path = WinconnectApp.swift; sourceTree = "<group>"; };
		570B173B2A1AC5C300BE2AC1 /* ContentView.swift */ = {isa = PBXFileReference; lastKnownFileType = sourcecode.swift; path = ContentView.swift; sourceTree = "<group>"; };
		570B173D2A1AC5C500BE2AC1 /* Assets.xcassets */ = {isa = PBXFileReference; lastKnownFileType = folder.assetcatalog; path = Assets.xcassets; sourceTree = "<group>"; };
		570B173F2A1AC5C500BE2AC1 /* Winconnect.entitlements */ = {isa = PBXFileReference; lastKnownFileType = text.plist.entitlements; path = Winconnect.entitlements; sourceTree = "<group>"; };
		570B17412A1AC5C500BE2AC1 /* Preview Assets.xcassets */ = {isa = PBXFileReference; lastKnownFileType = folder.assetcatalog; path = "Preview Assets.xcassets"; sourceTree = "<group>"; };
		570B17472A1AC5C500BE2AC1 /* WinconnectTests.xctest */ = {isa = PBXFileReference; explicitFileType = wrapper.cfbundle; includeInIndex = 0; path = WinconnectTests.xctest; sourceTree = BUILT_PRODUCTS_DIR; };
		570B174B2A1AC5C500BE2AC1 /* WinconnectTests.swift */ = {isa = PBXFileReference; lastKnownFileType = sourcecode.swift; path = WinconnectTests.swift; sourceTree = "<group>"; };
		570B17512A1AC5C500BE2AC1 /* WinconnectUITests.xctest */ = {isa = PBXFileReference; explicitFileType = wrapper.cfbundle; includeInIndex = 0; path = WinconnectUITests.xctest; sourceTree = BUILT_PRODUCTS_DIR; };
		570B17552A1AC5C500BE2AC1 /* WinconnectUITests.swift */ = {isa = PBXFileReference; lastKnownFileType = sourcecode.swift; path = WinconnectUITests.swift; sourceTree = "<group>"; };
		570B17572A1AC5C500BE2AC1 /* WinconnectUITestsLaunchTests.swift */ = {isa = PBXFileReference; lastKnownFileType = sourcecode.swift; path = WinconnectUITestsLaunchTests.swift; sourceTree = "<group>"; };
		570B17F12A1C38BB00BE2AC1 /* TCP.swift */ = {isa = PBXFileReference; fileEncoding = 4; lastKnownFileType = sourcecode.swift; path = TCP.swift; sourceTree = "<group>"; };
		5724F8762A21A044006C77D3 /* Winconnect-Bridging-Header.h */ = {isa = PBXFileReference; fileEncoding = 4; lastKnownFileType = sourcecode.c.h; path = "Winconnect-Bridging-Header.h"; sourceTree = "<group>"; };
		5724F8772A21A0BC006C77D3 /* InfoReceiver.swift */ = {isa = PBXFileReference; fileEncoding = 4; lastKnownFileType = sourcecode.swift; path = InfoReceiver.swift; sourceTree = "<group>"; };
/* End PBXFileReference section */

/* Begin PBXFrameworksBuildPhase section */
		570B17332A1AC5C300BE2AC1 /* Frameworks */ = {
			isa = PBXFrameworksBuildPhase;
			buildActionMask = 2147483647;
			files = (
				5724F87B2A21A0D8006C77D3 /* NIO in Frameworks */,
			);
			runOnlyForDeploymentPostprocessing = 0;
		};
		570B17442A1AC5C500BE2AC1 /* Frameworks */ = {
			isa = PBXFrameworksBuildPhase;
			buildActionMask = 2147483647;
			files = (
			);
			runOnlyForDeploymentPostprocessing = 0;
		};
		570B174E2A1AC5C500BE2AC1 /* Frameworks */ = {
			isa = PBXFrameworksBuildPhase;
			buildActionMask = 2147483647;
			files = (
			);
			runOnlyForDeploymentPostprocessing = 0;
		};
/* End PBXFrameworksBuildPhase section */

/* Begin PBXGroup section */
		570B172D2A1AC5C300BE2AC1 = {
			isa = PBXGroup;
			children = (
				570B17382A1AC5C300BE2AC1 /* Winconnect */,
				570B174A2A1AC5C500BE2AC1 /* WinconnectTests */,
				570B17542A1AC5C500BE2AC1 /* WinconnectUITests */,
				570B17372A1AC5C300BE2AC1 /* Products */,
			);
			sourceTree = "<group>";
		};
		570B17372A1AC5C300BE2AC1 /* Products */ = {
			isa = PBXGroup;
			children = (
				570B17362A1AC5C300BE2AC1 /* Winconnect.app */,
				570B17472A1AC5C500BE2AC1 /* WinconnectTests.xctest */,
				570B17512A1AC5C500BE2AC1 /* WinconnectUITests.xctest */,
			);
			name = Products;
			sourceTree = "<group>";
		};
		570B17382A1AC5C300BE2AC1 /* Winconnect */ = {
			isa = PBXGroup;
			children = (
				5724F8772A21A0BC006C77D3 /* InfoReceiver.swift */,
				5724F8762A21A044006C77D3 /* Winconnect-Bridging-Header.h */,
				570B17F12A1C38BB00BE2AC1 /* TCP.swift */,
				570B17392A1AC5C300BE2AC1 /* WinconnectApp.swift */,
				570B173B2A1AC5C300BE2AC1 /* ContentView.swift */,
				570B173D2A1AC5C500BE2AC1 /* Assets.xcassets */,
				570B173F2A1AC5C500BE2AC1 /* Winconnect.entitlements */,
				570B17402A1AC5C500BE2AC1 /* Preview Content */,
			);
			path = Winconnect;
			sourceTree = "<group>";
		};
		570B17402A1AC5C500BE2AC1 /* Preview Content */ = {
			isa = PBXGroup;
			children = (
				570B17412A1AC5C500BE2AC1 /* Preview Assets.xcassets */,
			);
			path = "Preview Content";
			sourceTree = "<group>";
		};
		570B174A2A1AC5C500BE2AC1 /* WinconnectTests */ = {
			isa = PBXGroup;
			children = (
				570B174B2A1AC5C500BE2AC1 /* WinconnectTests.swift */,
			);
			path = WinconnectTests;
			sourceTree = "<group>";
		};
		570B17542A1AC5C500BE2AC1 /* WinconnectUITests */ = {
			isa = PBXGroup;
			children = (
				570B17552A1AC5C500BE2AC1 /* WinconnectUITests.swift */,
				570B17572A1AC5C500BE2AC1 /* WinconnectUITestsLaunchTests.swift */,
			);
			path = WinconnectUITests;
			sourceTree = "<group>";
		};
/* End PBXGroup section */

/* Begin PBXNativeTarget section */
		570B17352A1AC5C300BE2AC1 /* Winconnect */ = {
			isa = PBXNativeTarget;
			buildConfigurationList = 570B175B2A1AC5C500BE2AC1 /* Build configuration list for PBXNativeTarget "Winconnect" */;
			buildPhases = (
				570B17322A1AC5C300BE2AC1 /* Sources */,
				570B17332A1AC5C300BE2AC1 /* Frameworks */,
				570B17342A1AC5C300BE2AC1 /* Resources */,
			);
			buildRules = (
			);
			dependencies = (
			);
			name = Winconnect;
			packageProductDependencies = (
				5724F87A2A21A0D8006C77D3 /* NIO */,
			);
			productName = Winconnect;
			productReference = 570B17362A1AC5C300BE2AC1 /* Winconnect.app */;
			productType = "com.apple.product-type.application";
		};
		570B17462A1AC5C500BE2AC1 /* WinconnectTests */ = {
			isa = PBXNativeTarget;
			buildConfigurationList = 570B175E2A1AC5C500BE2AC1 /* Build configuration list for PBXNativeTarget "WinconnectTests" */;
			buildPhases = (
				570B17432A1AC5C500BE2AC1 /* Sources */,
				570B17442A1AC5C500BE2AC1 /* Frameworks */,
				570B17452A1AC5C500BE2AC1 /* Resources */,
			);
			buildRules = (
			);
			dependencies = (
				570B17492A1AC5C500BE2AC1 /* PBXTargetDependency */,
			);
			name = WinconnectTests;
			productName = WinconnectTests;
			productReference = 570B17472A1AC5C500BE2AC1 /* WinconnectTests.xctest */;
			productType = "com.apple.product-type.bundle.unit-test";
		};
		570B17502A1AC5C500BE2AC1 /* WinconnectUITests */ = {
			isa = PBXNativeTarget;
			buildConfigurationList = 570B17612A1AC5C500BE2AC1 /* Build configuration list for PBXNativeTarget "WinconnectUITests" */;
			buildPhases = (
				570B174D2A1AC5C500BE2AC1 /* Sources */,
				570B174E2A1AC5C500BE2AC1 /* Frameworks */,
				570B174F2A1AC5C500BE2AC1 /* Resources */,
			);
			buildRules = (
			);
			dependencies = (
				570B17532A1AC5C500BE2AC1 /* PBXTargetDependency */,
			);
			name = WinconnectUITests;
			productName = WinconnectUITests;
			productReference = 570B17512A1AC5C500BE2AC1 /* WinconnectUITests.xctest */;
			productType = "com.apple.product-type.bundle.ui-testing";
		};
/* End PBXNativeTarget section */

/* Begin PBXProject section */
		570B172E2A1AC5C300BE2AC1 /* Project object */ = {
			isa = PBXProject;
			attributes = {
				BuildIndependentTargetsInParallel = 1;
				LastSwiftUpdateCheck = 1430;
				LastUpgradeCheck = 1430;
				TargetAttributes = {
					570B17352A1AC5C300BE2AC1 = {
						CreatedOnToolsVersion = 14.3;
						LastSwiftMigration = 1430;
					};
					570B17462A1AC5C500BE2AC1 = {
						CreatedOnToolsVersion = 14.3;
						TestTargetID = 570B17352A1AC5C300BE2AC1;
					};
					570B17502A1AC5C500BE2AC1 = {
						CreatedOnToolsVersion = 14.3;
						TestTargetID = 570B17352A1AC5C300BE2AC1;
					};
				};
			};
			buildConfigurationList = 570B17312A1AC5C300BE2AC1 /* Build configuration list for PBXProject "Winconnect" */;
			compatibilityVersion = "Xcode 14.0";
			developmentRegion = en;
			hasScannedForEncodings = 0;
			knownRegions = (
				en,
				Base,
			);
			mainGroup = 570B172D2A1AC5C300BE2AC1;
			packageReferences = (
				5724F8792A21A0D8006C77D3 /* XCRemoteSwiftPackageReference "swift-nio" */,
			);
			productRefGroup = 570B17372A1AC5C300BE2AC1 /* Products */;
			projectDirPath = "";
			projectRoot = "";
			targets = (
				570B17352A1AC5C300BE2AC1 /* Winconnect */,
				570B17462A1AC5C500BE2AC1 /* WinconnectTests */,
				570B17502A1AC5C500BE2AC1 /* WinconnectUITests */,
			);
		};
/* End PBXProject section */

/* Begin PBXResourcesBuildPhase section */
		570B17342A1AC5C300BE2AC1 /* Resources */ = {
			isa = PBXResourcesBuildPhase;
			buildActionMask = 2147483647;
			files = (
				570B17422A1AC5C500BE2AC1 /* Preview Assets.xcassets in Resources */,
				570B173E2A1AC5C500BE2AC1 /* Assets.xcassets in Resources */,
			);
			runOnlyForDeploymentPostprocessing = 0;
		};
		570B17452A1AC5C500BE2AC1 /* Resources */ = {
			isa = PBXResourcesBuildPhase;
			buildActionMask = 2147483647;
			files = (
			);
			runOnlyForDeploymentPostprocessing = 0;
		};
		570B174F2A1AC5C500BE2AC1 /* Resources */ = {
			isa = PBXResourcesBuildPhase;
			buildActionMask = 2147483647;
			files = (
			);
			runOnlyForDeploymentPostprocessing = 0;
		};
/* End PBXResourcesBuildPhase section */

/* Begin PBXSourcesBuildPhase section */
		570B17322A1AC5C300BE2AC1 /* Sources */ = {
			isa = PBXSourcesBuildPhase;
			buildActionMask = 2147483647;
			files = (
				570B173C2A1AC5C300BE2AC1 /* ContentView.swift in Sources */,
				570B17F22A1C38BB00BE2AC1 /* TCP.swift in Sources */,
				5724F8782A21A0BC006C77D3 /* InfoReceiver.swift in Sources */,
				570B173A2A1AC5C300BE2AC1 /* WinconnectApp.swift in Sources */,
			);
			runOnlyForDeploymentPostprocessing = 0;
		};
		570B17432A1AC5C500BE2AC1 /* Sources */ = {
			isa = PBXSourcesBuildPhase;
			buildActionMask = 2147483647;
			files = (
				570B174C2A1AC5C500BE2AC1 /* WinconnectTests.swift in Sources */,
			);
			runOnlyForDeploymentPostprocessing = 0;
		};
		570B174D2A1AC5C500BE2AC1 /* Sources */ = {
			isa = PBXSourcesBuildPhase;
			buildActionMask = 2147483647;
			files = (
				570B17582A1AC5C500BE2AC1 /* WinconnectUITestsLaunchTests.swift in Sources */,
				570B17562A1AC5C500BE2AC1 /* WinconnectUITests.swift in Sources */,
			);
			runOnlyForDeploymentPostprocessing = 0;
		};
/* End PBXSourcesBuildPhase section */

/* Begin PBXTargetDependency section */
		570B17492A1AC5C500BE2AC1 /* PBXTargetDependency */ = {
			isa = PBXTargetDependency;
			target = 570B17352A1AC5C300BE2AC1 /* Winconnect */;
			targetProxy = 570B17482A1AC5C500BE2AC1 /* PBXContainerItemProxy */;
		};
		570B17532A1AC5C500BE2AC1 /* PBXTargetDependency */ = {
			isa = PBXTargetDependency;
			target = 570B17352A1AC5C300BE2AC1 /* Winconnect */;
			targetProxy = 570B17522A1AC5C500BE2AC1 /* PBXContainerItemProxy */;
		};
/* End PBXTargetDependency section */

/* Begin XCBuildConfiguration section */
		570B17592A1AC5C500BE2AC1 /* Debug */ = {
			isa = XCBuildConfiguration;
			buildSettings = {
				ALWAYS_SEARCH_USER_PATHS = NO;
				CLANG_ANALYZER_NONNULL = YES;
				CLANG_ANALYZER_NUMBER_OBJECT_CONVERSION = YES_AGGRESSIVE;
				CLANG_CXX_LANGUAGE_STANDARD = "gnu++20";
				CLANG_ENABLE_MODULES = YES;
				CLANG_ENABLE_OBJC_ARC = YES;
				CLANG_ENABLE_OBJC_WEAK = YES;
				CLANG_WARN_BLOCK_CAPTURE_AUTORELEASING = YES;
				CLANG_WARN_BOOL_CONVERSION = YES;
				CLANG_WARN_COMMA = YES;
				CLANG_WARN_CONSTANT_CONVERSION = YES;
				CLANG_WARN_DEPRECATED_OBJC_IMPLEMENTATIONS = YES;
				CLANG_WARN_DIRECT_OBJC_ISA_USAGE = YES_ERROR;
				CLANG_WARN_DOCUMENTATION_COMMENTS = YES;
				CLANG_WARN_EMPTY_BODY = YES;
				CLANG_WARN_ENUM_CONVERSION = YES;
				CLANG_WARN_INFINITE_RECURSION = YES;
				CLANG_WARN_INT_CONVERSION = YES;
				CLANG_WARN_NON_LITERAL_NULL_CONVERSION = YES;
				CLANG_WARN_OBJC_IMPLICIT_RETAIN_SELF = YES;
				CLANG_WARN_OBJC_LITERAL_CONVERSION = YES;
				CLANG_WARN_OBJC_ROOT_CLASS = YES_ERROR;
				CLANG_WARN_QUOTED_INCLUDE_IN_FRAMEWORK_HEADER = YES;
				CLANG_WARN_RANGE_LOOP_ANALYSIS = YES;
				CLANG_WARN_STRICT_PROTOTYPES = YES;
				CLANG_WARN_SUSPICIOUS_MOVE = YES;
				CLANG_WARN_UNGUARDED_AVAILABILITY = YES_AGGRESSIVE;
				CLANG_WARN_UNREACHABLE_CODE = YES;
				CLANG_WARN__DUPLICATE_METHOD_MATCH = YES;
				COPY_PHASE_STRIP = NO;
				DEBUG_INFORMATION_FORMAT = dwarf;
				ENABLE_STRICT_OBJC_MSGSEND = YES;
				ENABLE_TESTABILITY = YES;
				GCC_C_LANGUAGE_STANDARD = gnu11;
				GCC_DYNAMIC_NO_PIC = NO;
				GCC_NO_COMMON_BLOCKS = YES;
				GCC_OPTIMIZATION_LEVEL = 0;
				GCC_PREPROCESSOR_DEFINITIONS = (
					"DEBUG=1",
					"$(inherited)",
				);
				GCC_WARN_64_TO_32_BIT_CONVERSION = YES;
				GCC_WARN_ABOUT_RETURN_TYPE = YES_ERROR;
				GCC_WARN_UNDECLARED_SELECTOR = YES;
				GCC_WARN_UNINITIALIZED_AUTOS = YES_AGGRESSIVE;
				GCC_WARN_UNUSED_FUNCTION = YES;
				GCC_WARN_UNUSED_VARIABLE = YES;
				MTL_ENABLE_DEBUG_INFO = INCLUDE_SOURCE;
				MTL_FAST_MATH = YES;
				ONLY_ACTIVE_ARCH = YES;
				SWIFT_ACTIVE_COMPILATION_CONDITIONS = DEBUG;
				SWIFT_OPTIMIZATION_LEVEL = "-Onone";
			};
			name = Debug;
		};
		570B175A2A1AC5C500BE2AC1 /* Release */ = {
			isa = XCBuildConfiguration;
			buildSettings = {
				ALWAYS_SEARCH_USER_PATHS = NO;
				CLANG_ANALYZER_NONNULL = YES;
				CLANG_ANALYZER_NUMBER_OBJECT_CONVERSION = YES_AGGRESSIVE;
				CLANG_CXX_LANGUAGE_STANDARD = "gnu++20";
				CLANG_ENABLE_MODULES = YES;
				CLANG_ENABLE_OBJC_ARC = YES;
				CLANG_ENABLE_OBJC_WEAK = YES;
				CLANG_WARN_BLOCK_CAPTURE_AUTORELEASING = YES;
				CLANG_WARN_BOOL_CONVERSION = YES;
				CLANG_WARN_COMMA = YES;
				CLANG_WARN_CONSTANT_CONVERSION = YES;
				CLANG_WARN_DEPRECATED_OBJC_IMPLEMENTATIONS = YES;
				CLANG_WARN_DIRECT_OBJC_ISA_USAGE = YES_ERROR;
				CLANG_WARN_DOCUMENTATION_COMMENTS = YES;
				CLANG_WARN_EMPTY_BODY = YES;
				CLANG_WARN_ENUM_CONVERSION = YES;
				CLANG_WARN_INFINITE_RECURSION = YES;
				CLANG_WARN_INT_CONVERSION = YES;
				CLANG_WARN_NON_LITERAL_NULL_CONVERSION = YES;
				CLANG_WARN_OBJC_IMPLICIT_RETAIN_SELF = YES;
				CLANG_WARN_OBJC_LITERAL_CONVERSION = YES;
				CLANG_WARN_OBJC_ROOT_CLASS = YES_ERROR;
				CLANG_WARN_QUOTED_INCLUDE_IN_FRAMEWORK_HEADER = YES;
				CLANG_WARN_RANGE_LOOP_ANALYSIS = YES;
				CLANG_WARN_STRICT_PROTOTYPES = YES;
				CLANG_WARN_SUSPICIOUS_MOVE = YES;
				CLANG_WARN_UNGUARDED_AVAILABILITY = YES_AGGRESSIVE;
				CLANG_WARN_UNREACHABLE_CODE = YES;
				CLANG_WARN__DUPLICATE_METHOD_MATCH = YES;
				COPY_PHASE_STRIP = NO;
				DEBUG_INFORMATION_FORMAT = "dwarf-with-dsym";
				ENABLE_NS_ASSERTIONS = NO;
				ENABLE_STRICT_OBJC_MSGSEND = YES;
				GCC_C_LANGUAGE_STANDARD = gnu11;
				GCC_NO_COMMON_BLOCKS = YES;
				GCC_WARN_64_TO_32_BIT_CONVERSION = YES;
				GCC_WARN_ABOUT_RETURN_TYPE = YES_ERROR;
				GCC_WARN_UNDECLARED_SELECTOR = YES;
				GCC_WARN_UNINITIALIZED_AUTOS = YES_AGGRESSIVE;
				GCC_WARN_UNUSED_FUNCTION = YES;
				GCC_WARN_UNUSED_VARIABLE = YES;
				MTL_ENABLE_DEBUG_INFO = NO;
				MTL_FAST_MATH = YES;
				SWIFT_COMPILATION_MODE = wholemodule;
				SWIFT_OPTIMIZATION_LEVEL = "-O";
			};
			name = Release;
		};
		570B175C2A1AC5C500BE2AC1 /* Debug */ = {
			isa = XCBuildConfiguration;
			buildSettings = {
				ASSETCATALOG_COMPILER_APPICON_NAME = AppIcon;
				ASSETCATALOG_COMPILER_GLOBAL_ACCENT_COLOR_NAME = AccentColor;
				CLANG_ENABLE_MODULES = YES;
				CODE_SIGN_ENTITLEMENTS = Winconnect/Winconnect.entitlements;
				"CODE_SIGN_IDENTITY[sdk=macosx*]" = "-";
				CODE_SIGN_STYLE = Automatic;
				CURRENT_PROJECT_VERSION = 1;
				DEVELOPMENT_ASSET_PATHS = "\"Winconnect/Preview Content\"";
				DEVELOPMENT_TEAM = 6VDK7S8X5B;
				ENABLE_PREVIEWS = YES;
				GENERATE_INFOPLIST_FILE = YES;
				"INFOPLIST_KEY_UIApplicationSceneManifest_Generation[sdk=iphoneos*]" = YES;
				"INFOPLIST_KEY_UIApplicationSceneManifest_Generation[sdk=iphonesimulator*]" = YES;
				"INFOPLIST_KEY_UIApplicationSupportsIndirectInputEvents[sdk=iphoneos*]" = YES;
				"INFOPLIST_KEY_UIApplicationSupportsIndirectInputEvents[sdk=iphonesimulator*]" = YES;
				"INFOPLIST_KEY_UILaunchScreen_Generation[sdk=iphoneos*]" = YES;
				"INFOPLIST_KEY_UILaunchScreen_Generation[sdk=iphonesimulator*]" = YES;
				"INFOPLIST_KEY_UIStatusBarStyle[sdk=iphoneos*]" = UIStatusBarStyleDefault;
				"INFOPLIST_KEY_UIStatusBarStyle[sdk=iphonesimulator*]" = UIStatusBarStyleDefault;
				INFOPLIST_KEY_UISupportedInterfaceOrientations_iPad = "UIInterfaceOrientationPortrait UIInterfaceOrientationPortraitUpsideDown UIInterfaceOrientationLandscapeLeft UIInterfaceOrientationLandscapeRight";
				INFOPLIST_KEY_UISupportedInterfaceOrientations_iPhone = "UIInterfaceOrientationPortrait UIInterfaceOrientationLandscapeLeft UIInterfaceOrientationLandscapeRight";
				IPHONEOS_DEPLOYMENT_TARGET = 16.4;
				LD_RUNPATH_SEARCH_PATHS = "@executable_path/Frameworks";
				"LD_RUNPATH_SEARCH_PATHS[sdk=macosx*]" = "@executable_path/../Frameworks";
				MACOSX_DEPLOYMENT_TARGET = 13.2;
				MARKETING_VERSION = 1.0;
				PRODUCT_BUNDLE_IDENTIFIER = CSE117.Winconnect;
				PRODUCT_NAME = "$(TARGET_NAME)";
				SDKROOT = auto;
				SUPPORTED_PLATFORMS = "iphoneos iphonesimulator macosx";
				SWIFT_EMIT_LOC_STRINGS = YES;
				SWIFT_OBJC_BRIDGING_HEADER = "Winconnect/Winconnect-Bridging-Header.h";
				SWIFT_OPTIMIZATION_LEVEL = "-Onone";
				SWIFT_VERSION = 5.0;
				TARGETED_DEVICE_FAMILY = "1,2";
			};
			name = Debug;
		};
		570B175D2A1AC5C500BE2AC1 /* Release */ = {
			isa = XCBuildConfiguration;
			buildSettings = {
				ASSETCATALOG_COMPILER_APPICON_NAME = AppIcon;
				ASSETCATALOG_COMPILER_GLOBAL_ACCENT_COLOR_NAME = AccentColor;
				CLANG_ENABLE_MODULES = YES;
				CODE_SIGN_ENTITLEMENTS = Winconnect/Winconnect.entitlements;
				"CODE_SIGN_IDENTITY[sdk=macosx*]" = "-";
				CODE_SIGN_STYLE = Automatic;
				CURRENT_PROJECT_VERSION = 1;
				DEVELOPMENT_ASSET_PATHS = "\"Winconnect/Preview Content\"";
				DEVELOPMENT_TEAM = 6VDK7S8X5B;
				ENABLE_PREVIEWS = YES;
				GENERATE_INFOPLIST_FILE = YES;
				"INFOPLIST_KEY_UIApplicationSceneManifest_Generation[sdk=iphoneos*]" = YES;
				"INFOPLIST_KEY_UIApplicationSceneManifest_Generation[sdk=iphonesimulator*]" = YES;
				"INFOPLIST_KEY_UIApplicationSupportsIndirectInputEvents[sdk=iphoneos*]" = YES;
				"INFOPLIST_KEY_UIApplicationSupportsIndirectInputEvents[sdk=iphonesimulator*]" = YES;
				"INFOPLIST_KEY_UILaunchScreen_Generation[sdk=iphoneos*]" = YES;
				"INFOPLIST_KEY_UILaunchScreen_Generation[sdk=iphonesimulator*]" = YES;
				"INFOPLIST_KEY_UIStatusBarStyle[sdk=iphoneos*]" = UIStatusBarStyleDefault;
				"INFOPLIST_KEY_UIStatusBarStyle[sdk=iphonesimulator*]" = UIStatusBarStyleDefault;
				INFOPLIST_KEY_UISupportedInterfaceOrientations_iPad = "UIInterfaceOrientationPortrait UIInterfaceOrientationPortraitUpsideDown UIInterfaceOrientationLandscapeLeft UIInterfaceOrientationLandscapeRight";
				INFOPLIST_KEY_UISupportedInterfaceOrientations_iPhone = "UIInterfaceOrientationPortrait UIInterfaceOrientationLandscapeLeft UIInterfaceOrientationLandscapeRight";
				IPHONEOS_DEPLOYMENT_TARGET = 16.4;
				LD_RUNPATH_SEARCH_PATHS = "@executable_path/Frameworks";
				"LD_RUNPATH_SEARCH_PATHS[sdk=macosx*]" = "@executable_path/../Frameworks";
				MACOSX_DEPLOYMENT_TARGET = 13.2;
				MARKETING_VERSION = 1.0;
				PRODUCT_BUNDLE_IDENTIFIER = CSE117.Winconnect;
				PRODUCT_NAME = "$(TARGET_NAME)";
				SDKROOT = auto;
				SUPPORTED_PLATFORMS = "iphoneos iphonesimulator macosx";
				SWIFT_EMIT_LOC_STRINGS = YES;
				SWIFT_OBJC_BRIDGING_HEADER = "Winconnect/Winconnect-Bridging-Header.h";
				SWIFT_VERSION = 5.0;
				TARGETED_DEVICE_FAMILY = "1,2";
			};
			name = Release;
		};
		570B175F2A1AC5C500BE2AC1 /* Debug */ = {
			isa = XCBuildConfiguration;
			buildSettings = {
				ALWAYS_EMBED_SWIFT_STANDARD_LIBRARIES = YES;
				BUNDLE_LOADER = "$(TEST_HOST)";
				CODE_SIGN_STYLE = Automatic;
				CURRENT_PROJECT_VERSION = 1;
				GENERATE_INFOPLIST_FILE = YES;
				IPHONEOS_DEPLOYMENT_TARGET = 16.4;
				MACOSX_DEPLOYMENT_TARGET = 13.2;
				MARKETING_VERSION = 1.0;
				PRODUCT_BUNDLE_IDENTIFIER = CSE117.WinconnectTests;
				PRODUCT_NAME = "$(TARGET_NAME)";
				SDKROOT = auto;
				SUPPORTED_PLATFORMS = "iphoneos iphonesimulator macosx";
				SWIFT_EMIT_LOC_STRINGS = NO;
				SWIFT_VERSION = 5.0;
				TARGETED_DEVICE_FAMILY = "1,2";
				TEST_HOST = "$(BUILT_PRODUCTS_DIR)/Winconnect.app/$(BUNDLE_EXECUTABLE_FOLDER_PATH)/Winconnect";
			};
			name = Debug;
		};
		570B17602A1AC5C500BE2AC1 /* Release */ = {
			isa = XCBuildConfiguration;
			buildSettings = {
				ALWAYS_EMBED_SWIFT_STANDARD_LIBRARIES = YES;
				BUNDLE_LOADER = "$(TEST_HOST)";
				CODE_SIGN_STYLE = Automatic;
				CURRENT_PROJECT_VERSION = 1;
				GENERATE_INFOPLIST_FILE = YES;
				IPHONEOS_DEPLOYMENT_TARGET = 16.4;
				MACOSX_DEPLOYMENT_TARGET = 13.2;
				MARKETING_VERSION = 1.0;
				PRODUCT_BUNDLE_IDENTIFIER = CSE117.WinconnectTests;
				PRODUCT_NAME = "$(TARGET_NAME)";
				SDKROOT = auto;
				SUPPORTED_PLATFORMS = "iphoneos iphonesimulator macosx";
				SWIFT_EMIT_LOC_STRINGS = NO;
				SWIFT_VERSION = 5.0;
				TARGETED_DEVICE_FAMILY = "1,2";
				TEST_HOST = "$(BUILT_PRODUCTS_DIR)/Winconnect.app/$(BUNDLE_EXECUTABLE_FOLDER_PATH)/Winconnect";
			};
			name = Release;
		};
		570B17622A1AC5C500BE2AC1 /* Debug */ = {
			isa = XCBuildConfiguration;
			buildSettings = {
				ALWAYS_EMBED_SWIFT_STANDARD_LIBRARIES = YES;
				CODE_SIGN_STYLE = Automatic;
				CURRENT_PROJECT_VERSION = 1;
				GENERATE_INFOPLIST_FILE = YES;
				IPHONEOS_DEPLOYMENT_TARGET = 16.4;
				MACOSX_DEPLOYMENT_TARGET = 13.2;
				MARKETING_VERSION = 1.0;
				PRODUCT_BUNDLE_IDENTIFIER = CSE117.WinconnectUITests;
				PRODUCT_NAME = "$(TARGET_NAME)";
				SDKROOT = auto;
				SUPPORTED_PLATFORMS = "iphoneos iphonesimulator macosx";
				SWIFT_EMIT_LOC_STRINGS = NO;
				SWIFT_VERSION = 5.0;
				TARGETED_DEVICE_FAMILY = "1,2";
				TEST_TARGET_NAME = Winconnect;
			};
			name = Debug;
		};
		570B17632A1AC5C500BE2AC1 /* Release */ = {
			isa = XCBuildConfiguration;
			buildSettings = {
				ALWAYS_EMBED_SWIFT_STANDARD_LIBRARIES = YES;
				CODE_SIGN_STYLE = Automatic;
				CURRENT_PROJECT_VERSION = 1;
				GENERATE_INFOPLIST_FILE = YES;
				IPHONEOS_DEPLOYMENT_TARGET = 16.4;
				MACOSX_DEPLOYMENT_TARGET = 13.2;
				MARKETING_VERSION = 1.0;
				PRODUCT_BUNDLE_IDENTIFIER = CSE117.WinconnectUITests;
				PRODUCT_NAME = "$(TARGET_NAME)";
				SDKROOT = auto;
				SUPPORTED_PLATFORMS = "iphoneos iphonesimulator macosx";
				SWIFT_EMIT_LOC_STRINGS = NO;
				SWIFT_VERSION = 5.0;
				TARGETED_DEVICE_FAMILY = "1,2";
				TEST_TARGET_NAME = Winconnect;
			};
			name = Release;
		};
/* End XCBuildConfiguration section */

/* Begin XCConfigurationList section */
		570B17312A1AC5C300BE2AC1 /* Build configuration list for PBXProject "Winconnect" */ = {
			isa = XCConfigurationList;
			buildConfigurations = (
				570B17592A1AC5C500BE2AC1 /* Debug */,
				570B175A2A1AC5C500BE2AC1 /* Release */,
			);
			defaultConfigurationIsVisible = 0;
			defaultConfigurationName = Release;
		};
		570B175B2A1AC5C500BE2AC1 /* Build configuration list for PBXNativeTarget "Winconnect" */ = {
			isa = XCConfigurationList;
			buildConfigurations = (
				570B175C2A1AC5C500BE2AC1 /* Debug */,
				570B175D2A1AC5C500BE2AC1 /* Release */,
			);
			defaultConfigurationIsVisible = 0;
			defaultConfigurationName = Release;
		};
		570B175E2A1AC5C500BE2AC1 /* Build configuration list for PBXNativeTarget "WinconnectTests" */ = {
			isa = XCConfigurationList;
			buildConfigurations = (
				570B175F2A1AC5C500BE2AC1 /* Debug */,
				570B17602A1AC5C500BE2AC1 /* Release */,
			);
			defaultConfigurationIsVisible = 0;
			defaultConfigurationName = Release;
		};
		570B17612A1AC5C500BE2AC1 /* Build configuration list for PBXNativeTarget "WinconnectUITests" */ = {
			isa = XCConfigurationList;
			buildConfigurations = (
				570B17622A1AC5C500BE2AC1 /* Debug */,
				570B17632A1AC5C500BE2AC1 /* Release */,
			);
			defaultConfigurationIsVisible = 0;
			defaultConfigurationName = Release;
		};
/* End XCConfigurationList section */

/* Begin XCRemoteSwiftPackageReference section */
		5724F8792A21A0D8006C77D3 /* XCRemoteSwiftPackageReference "swift-nio" */ = {
			isa = XCRemoteSwiftPackageReference;
			repositoryURL = "https://github.com/apple/swift-nio.git";
			requirement = {
				kind = upToNextMajorVersion;
				minimumVersion = 2.0.0;
			};
		};
/* End XCRemoteSwiftPackageReference section */

/* Begin XCSwiftPackageProductDependency section */
		5724F87A2A21A0D8006C77D3 /* NIO */ = {
			isa = XCSwiftPackageProductDependency;
			package = 5724F8792A21A0D8006C77D3 /* XCRemoteSwiftPackageReference "swift-nio" */;
			productName = NIO;
		};
/* End XCSwiftPackageProductDependency section */
	};
	rootObject = 570B172E2A1AC5C300BE2AC1 /* Project object */;
}
